
Microsoft Visual Studio Solution File, Format Version 12.00
# Visual Studio 15
VisualStudioVersion = 15.0.26228.9
MinimumVisualStudioVersion = 10.0.40219.1
Project("{FAE04EC0-301F-11D3-BF4B-00C04F79EFBC}") = "tpal-paint", "tpal-paint\tpal-paint.csproj", "{BA8BDE9E-2361-45E8-9446-C7FB472867DA}"
EndProject
Project("{FAE04EC0-301F-11D3-BF4B-00C04F79EFBC}") = "PluginInterface", "PluginInterface\PluginInterface.csproj", "{80AEA893-8396-413E-8A06-936554DF27BF}"
EndProject
Project("{FAE04EC0-301F-11D3-BF4B-00C04F79EFBC}") = "NegativePlugin", "NegativePlugin\NegativePlugin.csproj", "{BA783922-0928-4399-A717-107602461DEC}"
EndProject
Global
	GlobalSection(SolutionConfigurationPlatforms) = preSolution
		Debug|Any CPU = Debug|Any CPU
		Release|Any CPU = Release|Any CPU
	EndGlobalSection
	GlobalSection(ProjectConfigurationPlatforms) = postSolution
		{BA8BDE9E-2361-45E8-9446-C7FB472867DA}.Debug|Any CPU.ActiveCfg = Debug|Any CPU
		{BA8BDE9E-2361-45E8-9446-C7FB472867DA}.Debug|Any CPU.Build.0 = Debug|Any CPU
		{BA8BDE9E-2361-45E8-9446-C7FB472867DA}.Release|Any CPU.ActiveCfg = Release|Any CPU
		{BA8BDE9E-2361-45E8-9446-C7FB472867DA}.Release|Any CPU.Build.0 = Release|Any CPU
		{80AEA893-8396-413E-8A06-936554DF27BF}.Debug|Any CPU.ActiveCfg = Debug|Any CPU
		{80AEA893-8396-413E-8A06-936554DF27BF}.Debug|Any CPU.Build.0 = Debug|Any CPU
		{80AEA893-8396-413E-8A06-936554DF27BF}.Release|Any CPU.ActiveCfg = Release|Any CPU
		{80AEA893-8396-413E-8A06-936554DF27BF}.Release|Any CPU.Build.0 = Release|Any CPU
		{BA783922-0928-4399-A717-107602461DEC}.Debug|Any CPU.ActiveCfg = Debug|Any CPU
		{BA783922-0928-4399-A717-107602461DEC}.Debug|Any CPU.Build.0 = Debug|Any CPU
		{BA783922-0928-4399-A717-107602461DEC}.Release|Any CPU.ActiveCfg = Release|Any CPU
		{BA783922-0928-4399-A717-107602461DEC}.Release|Any CPU.Build.0 = Release|Any CPU
	EndGlobalSection
	GlobalSection(SolutionProperties) = preSolution
		HideSolutionNode = FALSE
	EndGlobalSection
EndGlobal
